<Solution>
  <Folder Name="/FileUploadServer/">
    <Project Path="FileUploadServer/FileUploadServer.Core/FileUploadServer.Core.csproj" />
    <Project Path="FileUploadServer/FileUploadServer.Infrastructure/FileUploadServer.Infrastructure.csproj" />
    <Project Path="FileUploadServer/FileUploadServer.Tests/FileUploadServer.Tests.csproj" />
    <Project Path="FileUploadServer/FileUploadServer.Web/FileUploadServer.Web.csproj" />
  </Folder>
</Solution>
