<Solution>
  <Folder Name="/FileUploadServer/">
    <Project Path="FileUploadServer.Core/FileUploadServer.Core.csproj" />
    <Project Path="FileUploadServer.Infrastructure/FileUploadServer.Infrastructure.csproj" />
    <Project Path="FileUploadServer.Tests/FileUploadServer.Tests.csproj" />
    <Project Path="FileUploadServer.Web/FileUploadServer.Web.csproj" />
  </Folder>
  <Project Path="FileUploadServer.WsClient/FileUploadServer.WsClient.csproj" />
  <Project Path="FileUploadServer.Mcp/FileUploadServer.Mcp.csproj" />
</Solution>
